# This file is generated by running "yarn install" inside your project.
# Manual changes might be lost - proceed with caution!

__metadata:
  version: 6
  cacheKey: 8

"@types/node@npm:^20.4.9":
  version: 20.4.9
  resolution: "@types/node@npm:20.4.9"
  checksum: 504e3da96274f3865c1251830f4750bb0a8f6ef6f8648902cd3bba33370c5f219235471bfbf55cce726b25c8eacfcc8e2aad0ec3b13e27ea6708b00d4a9a46c8
  languageName: node
  linkType: hard

"@types/path-to-regexp@npm:^1.7.0":
  version: 1.7.0
  resolution: "@types/path-to-regexp@npm:1.7.0"
  dependencies:
    path-to-regexp: "*"
  checksum: 36d8df1bf27b13f8e7021153e2a3b56f97a12744534f9fc35debf8324f883458e7757b8fdd84974dc942e749752968ae34df1ea966da60c463545717541cc524
  languageName: node
  linkType: hard

"@types/qs@npm:^6.9.7":
  version: 6.9.7
  resolution: "@types/qs@npm:6.9.7"
  checksum: 7fd6f9c25053e9b5bb6bc9f9f76c1d89e6c04f7707a7ba0e44cc01f17ef5284adb82f230f542c2d5557d69407c9a40f0f3515e8319afd14e1e16b5543ac6cdba
  languageName: node
  linkType: hard

"call-bind@npm:^1.0.0":
  version: 1.0.2
  resolution: "call-bind@npm:1.0.2"
  dependencies:
    function-bind: ^1.1.1
    get-intrinsic: ^1.0.2
  checksum: f8e31de9d19988a4b80f3e704788c4a2d6b6f3d17cfec4f57dc29ced450c53a49270dc66bf0fbd693329ee948dd33e6c90a329519aef17474a4d961e8d6426b0
  languageName: node
  linkType: hard

"dx-server@workspace:.":
  version: 0.0.0-use.local
  resolution: "dx-server@workspace:."
  dependencies:
    "@types/node": ^20.4.9
    "@types/path-to-regexp": ^1.7.0
    "@types/qs": ^6.9.7
    jdefer: ^0.0.9
    jmisc: ^0.0.8
    path-to-regexp: ^6.2.1
    qs: ^6.11.2
    type-fest: ^4.2.0
    typescript: ^5.1.6
  languageName: unknown
  linkType: soft

"function-bind@npm:^1.1.1":
  version: 1.1.1
  resolution: "function-bind@npm:1.1.1"
  checksum: b32fbaebb3f8ec4969f033073b43f5c8befbb58f1a79e12f1d7490358150359ebd92f49e72ff0144f65f2c48ea2a605bff2d07965f548f6474fd8efd95bf361a
  languageName: node
  linkType: hard

"get-intrinsic@npm:^1.0.2":
  version: 1.2.1
  resolution: "get-intrinsic@npm:1.2.1"
  dependencies:
    function-bind: ^1.1.1
    has: ^1.0.3
    has-proto: ^1.0.1
    has-symbols: ^1.0.3
  checksum: 5b61d88552c24b0cf6fa2d1b3bc5459d7306f699de060d76442cce49a4721f52b8c560a33ab392cf5575b7810277d54ded9d4d39a1ea61855619ebc005aa7e5f
  languageName: node
  linkType: hard

"has-proto@npm:^1.0.1":
  version: 1.0.1
  resolution: "has-proto@npm:1.0.1"
  checksum: febc5b5b531de8022806ad7407935e2135f1cc9e64636c3916c6842bd7995994ca3b29871ecd7954bd35f9e2986c17b3b227880484d22259e2f8e6ce63fd383e
  languageName: node
  linkType: hard

"has-symbols@npm:^1.0.3":
  version: 1.0.3
  resolution: "has-symbols@npm:1.0.3"
  checksum: a054c40c631c0d5741a8285010a0777ea0c068f99ed43e5d6eb12972da223f8af553a455132fdb0801bdcfa0e0f443c0c03a68d8555aa529b3144b446c3f2410
  languageName: node
  linkType: hard

"has@npm:^1.0.3":
  version: 1.0.3
  resolution: "has@npm:1.0.3"
  dependencies:
    function-bind: ^1.1.1
  checksum: b9ad53d53be4af90ce5d1c38331e712522417d017d5ef1ebd0507e07c2fbad8686fffb8e12ddecd4c39ca9b9b47431afbb975b8abf7f3c3b82c98e9aad052792
  languageName: node
  linkType: hard

"jdefer@npm:^0.0.9":
  version: 0.0.9
  resolution: "jdefer@npm:0.0.9"
  checksum: 533ce2fd5eb1ffca4f30df4478a2af10a786edf4b9b69f21e0187d7b8443758bfcc3272fad43752366313ada329e36bc6bc5f11017d4e6f2a453b4a32b878e32
  languageName: node
  linkType: hard

"jmisc@npm:^0.0.8":
  version: 0.0.8
  resolution: "jmisc@npm:0.0.8"
  checksum: 5c61806e9656424e6e3d7d6dd89033f90f417977cf11e8d7e867c6cb4011d18eda19e484a341dc3ca5fa85d8d7032d0e8202fcc0bd3b07f8c2e009f3d83b5014
  languageName: node
  linkType: hard

"object-inspect@npm:^1.9.0":
  version: 1.12.3
  resolution: "object-inspect@npm:1.12.3"
  checksum: dabfd824d97a5f407e6d5d24810d888859f6be394d8b733a77442b277e0808860555176719c5905e765e3743a7cada6b8b0a3b85e5331c530fd418cc8ae991db
  languageName: node
  linkType: hard

"path-to-regexp@npm:*, path-to-regexp@npm:^6.2.1":
  version: 6.2.1
  resolution: "path-to-regexp@npm:6.2.1"
  checksum: f0227af8284ea13300f4293ba111e3635142f976d4197f14d5ad1f124aebd9118783dd2e5f1fe16f7273743cc3dbeddfb7493f237bb27c10fdae07020cc9b698
  languageName: node
  linkType: hard

"qs@npm:^6.11.2":
  version: 6.11.2
  resolution: "qs@npm:6.11.2"
  dependencies:
    side-channel: ^1.0.4
  checksum: e812f3c590b2262548647d62f1637b6989cc56656dc960b893fe2098d96e1bd633f36576f4cd7564dfbff9db42e17775884db96d846bebe4f37420d073ecdc0b
  languageName: node
  linkType: hard

"side-channel@npm:^1.0.4":
  version: 1.0.4
  resolution: "side-channel@npm:1.0.4"
  dependencies:
    call-bind: ^1.0.0
    get-intrinsic: ^1.0.2
    object-inspect: ^1.9.0
  checksum: 351e41b947079c10bd0858364f32bb3a7379514c399edb64ab3dce683933483fc63fb5e4efe0a15a2e8a7e3c436b6a91736ddb8d8c6591b0460a24bb4a1ee245
  languageName: node
  linkType: hard

"type-fest@npm:^4.2.0":
  version: 4.2.0
  resolution: "type-fest@npm:4.2.0"
  checksum: 76c5dfde9293b1b185b266a07df669f68d58ae3e19c06e33f0ff0dd0ba68628f05389bc26bcee8476e29a79ab7da054653670b9778399ceb079c4c259bac29f0
  languageName: node
  linkType: hard

"typescript@npm:^5.1.6":
  version: 5.1.6
  resolution: "typescript@npm:5.1.6"
  bin:
    tsc: bin/tsc
    tsserver: bin/tsserver
  checksum: b2f2c35096035fe1f5facd1e38922ccb8558996331405eb00a5111cc948b2e733163cc22fab5db46992aba7dd520fff637f2c1df4996ff0e134e77d3249a7350
  languageName: node
  linkType: hard

"typescript@patch:typescript@^5.1.6#~builtin<compat/typescript>":
  version: 5.1.6
  resolution: "typescript@patch:typescript@npm%3A5.1.6#~builtin<compat/typescript>::version=5.1.6&hash=5da071"
  bin:
    tsc: bin/tsc
    tsserver: bin/tsserver
  checksum: f53bfe97f7c8b2b6d23cf572750d4e7d1e0c5fff1c36d859d0ec84556a827b8785077bc27676bf7e71fae538e517c3ecc0f37e7f593be913d884805d931bc8be
  languageName: node
  linkType: hard
