# This file is generated by running "yarn install" inside your project.
# Manual changes might be lost - proceed with caution!

__metadata:
  version: 6
  cacheKey: 8

"@types/node@npm:^20.10.5":
  version: 20.10.5
  resolution: "@types/node@npm:20.10.5"
  dependencies:
    undici-types: ~5.26.4
  checksum: e216b679f545a8356960ce985a0e53c3a58fff0eacd855e180b9e223b8db2b5bd07b744a002b8c1f0c37f9194648ab4578533b5c12df2ec10cc02f61d20948d2
  languageName: node
  linkType: hard

"@types/path-to-regexp@npm:^1.7.0":
  version: 1.7.0
  resolution: "@types/path-to-regexp@npm:1.7.0"
  dependencies:
    path-to-regexp: "*"
  checksum: 36d8df1bf27b13f8e7021153e2a3b56f97a12744534f9fc35debf8324f883458e7757b8fdd84974dc942e749752968ae34df1ea966da60c463545717541cc524
  languageName: node
  linkType: hard

"@types/qs@npm:^6.9.11":
  version: 6.9.11
  resolution: "@types/qs@npm:6.9.11"
  checksum: 620ca1628bf3da65662c54ed6ebb120b18a3da477d0bfcc872b696685a9bb1893c3c92b53a1190a8f54d52eaddb6af8b2157755699ac83164604329935e8a7f2
  languageName: node
  linkType: hard

"call-bind@npm:^1.0.0":
  version: 1.0.2
  resolution: "call-bind@npm:1.0.2"
  dependencies:
    function-bind: ^1.1.1
    get-intrinsic: ^1.0.2
  checksum: f8e31de9d19988a4b80f3e704788c4a2d6b6f3d17cfec4f57dc29ced450c53a49270dc66bf0fbd693329ee948dd33e6c90a329519aef17474a4d961e8d6426b0
  languageName: node
  linkType: hard

"dx-server@workspace:.":
  version: 0.0.0-use.local
  resolution: "dx-server@workspace:."
  dependencies:
    "@types/node": ^20.10.5
    "@types/path-to-regexp": ^1.7.0
    "@types/qs": ^6.9.11
    jchain: ^0.0.6
    jdefer: ^0.0.14
    jmisc: ^0.0.10
    path-to-regexp: ^6.2.1
    qs: ^6.11.2
    type-fest: ^4.8.3
    typescript: ^5.3.3
  languageName: unknown
  linkType: soft

"function-bind@npm:^1.1.1":
  version: 1.1.1
  resolution: "function-bind@npm:1.1.1"
  checksum: b32fbaebb3f8ec4969f033073b43f5c8befbb58f1a79e12f1d7490358150359ebd92f49e72ff0144f65f2c48ea2a605bff2d07965f548f6474fd8efd95bf361a
  languageName: node
  linkType: hard

"get-intrinsic@npm:^1.0.2":
  version: 1.2.1
  resolution: "get-intrinsic@npm:1.2.1"
  dependencies:
    function-bind: ^1.1.1
    has: ^1.0.3
    has-proto: ^1.0.1
    has-symbols: ^1.0.3
  checksum: 5b61d88552c24b0cf6fa2d1b3bc5459d7306f699de060d76442cce49a4721f52b8c560a33ab392cf5575b7810277d54ded9d4d39a1ea61855619ebc005aa7e5f
  languageName: node
  linkType: hard

"has-proto@npm:^1.0.1":
  version: 1.0.1
  resolution: "has-proto@npm:1.0.1"
  checksum: febc5b5b531de8022806ad7407935e2135f1cc9e64636c3916c6842bd7995994ca3b29871ecd7954bd35f9e2986c17b3b227880484d22259e2f8e6ce63fd383e
  languageName: node
  linkType: hard

"has-symbols@npm:^1.0.3":
  version: 1.0.3
  resolution: "has-symbols@npm:1.0.3"
  checksum: a054c40c631c0d5741a8285010a0777ea0c068f99ed43e5d6eb12972da223f8af553a455132fdb0801bdcfa0e0f443c0c03a68d8555aa529b3144b446c3f2410
  languageName: node
  linkType: hard

"has@npm:^1.0.3":
  version: 1.0.3
  resolution: "has@npm:1.0.3"
  dependencies:
    function-bind: ^1.1.1
  checksum: b9ad53d53be4af90ce5d1c38331e712522417d017d5ef1ebd0507e07c2fbad8686fffb8e12ddecd4c39ca9b9b47431afbb975b8abf7f3c3b82c98e9aad052792
  languageName: node
  linkType: hard

"jchain@npm:^0.0.6":
  version: 0.0.6
  resolution: "jchain@npm:0.0.6"
  checksum: 0e467dc255f6eb9451c92b1d72ec1d29c01c2f032db6a7248b7cd515e92117a6f75b248268731c0be198b1befc1ea5b9a0c7e0531f9bd2c57c6dd09c135109e9
  languageName: node
  linkType: hard

"jdefer@npm:^0.0.14":
  version: 0.0.14
  resolution: "jdefer@npm:0.0.14"
  checksum: 02fcf8f45711a6813d13865c9c2fb29c720833747aedb508b2788b6d3f0e10691aaf1da8ceec1b21eb8ac09883b525fb660378eeb82df6603174b9505759bd73
  languageName: node
  linkType: hard

"jmisc@npm:^0.0.10":
  version: 0.0.10
  resolution: "jmisc@npm:0.0.10"
  checksum: 8db83e2d0eef6e74c9cb2ae3f05bf6ff94ca37061009075e7073fb04b78141f598f4e3fd048c16b42a2b923ddc14d4b8d46a7c06c8f6de0d6c2fd6afa6960b79
  languageName: node
  linkType: hard

"object-inspect@npm:^1.9.0":
  version: 1.12.3
  resolution: "object-inspect@npm:1.12.3"
  checksum: dabfd824d97a5f407e6d5d24810d888859f6be394d8b733a77442b277e0808860555176719c5905e765e3743a7cada6b8b0a3b85e5331c530fd418cc8ae991db
  languageName: node
  linkType: hard

"path-to-regexp@npm:*, path-to-regexp@npm:^6.2.1":
  version: 6.2.1
  resolution: "path-to-regexp@npm:6.2.1"
  checksum: f0227af8284ea13300f4293ba111e3635142f976d4197f14d5ad1f124aebd9118783dd2e5f1fe16f7273743cc3dbeddfb7493f237bb27c10fdae07020cc9b698
  languageName: node
  linkType: hard

"qs@npm:^6.11.2":
  version: 6.11.2
  resolution: "qs@npm:6.11.2"
  dependencies:
    side-channel: ^1.0.4
  checksum: e812f3c590b2262548647d62f1637b6989cc56656dc960b893fe2098d96e1bd633f36576f4cd7564dfbff9db42e17775884db96d846bebe4f37420d073ecdc0b
  languageName: node
  linkType: hard

"side-channel@npm:^1.0.4":
  version: 1.0.4
  resolution: "side-channel@npm:1.0.4"
  dependencies:
    call-bind: ^1.0.0
    get-intrinsic: ^1.0.2
    object-inspect: ^1.9.0
  checksum: 351e41b947079c10bd0858364f32bb3a7379514c399edb64ab3dce683933483fc63fb5e4efe0a15a2e8a7e3c436b6a91736ddb8d8c6591b0460a24bb4a1ee245
  languageName: node
  linkType: hard

"type-fest@npm:^4.8.3":
  version: 4.8.3
  resolution: "type-fest@npm:4.8.3"
  checksum: cd8c9a20a32b9d813f5f6d84bd81e52e22fb779a7ef0ae53974bae5baac427974bc8243269e9832b22ce2b6277d857b44769b3664f97dcac344e600bdd95f186
  languageName: node
  linkType: hard

"typescript@npm:^5.3.3":
  version: 5.3.3
  resolution: "typescript@npm:5.3.3"
  bin:
    tsc: bin/tsc
    tsserver: bin/tsserver
  checksum: 2007ccb6e51bbbf6fde0a78099efe04dc1c3dfbdff04ca3b6a8bc717991862b39fd6126c0c3ebf2d2d98ac5e960bcaa873826bb2bb241f14277034148f41f6a2
  languageName: node
  linkType: hard

"typescript@patch:typescript@^5.3.3#~builtin<compat/typescript>":
  version: 5.3.3
  resolution: "typescript@patch:typescript@npm%3A5.3.3#~builtin<compat/typescript>::version=5.3.3&hash=14eedb"
  bin:
    tsc: bin/tsc
    tsserver: bin/tsserver
  checksum: f61375590b3162599f0f0d5b8737877ac0a7bc52761dbb585d67e7b8753a3a4c42d9a554c4cc929f591ffcf3a2b0602f65ae3ce74714fd5652623a816862b610
  languageName: node
  linkType: hard

"undici-types@npm:~5.26.4":
  version: 5.26.5
  resolution: "undici-types@npm:5.26.5"
  checksum: 3192ef6f3fd5df652f2dc1cd782b49d6ff14dc98e5dced492aa8a8c65425227da5da6aafe22523c67f035a272c599bb89cfe803c1db6311e44bed3042fc25487
  languageName: node
  linkType: hard
